
Microsoft Visual Studio Solution File, Format Version 12.00
# Visual Studio Version 17
VisualStudioVersion = 17.14.36603.0
MinimumVisualStudioVersion = 10.0.40219.1
Project("{8BC9CEB8-8B4A-11D0-8D11-00A0C91BC942}") = "WinAPI", "WinAPI\WinAPI.vcxproj", "{84873334-9986-4E15-9988-67C3FB483188}"
EndProject
Project("{8BC9CEB8-8B4A-11D0-8D11-00A0C91BC942}") = "ComboBox", "ComboBox\ComboBox.vcxproj", "{FA5120DA-401A-48D8-82EE-6B77956CF383}"
EndProject
Project("{8BC9CEB8-8B4A-11D0-8D11-00A0C91BC942}") = "ListBox", "ListBox\ListBox.vcxproj", "{605F2DC9-0912-496A-92FC-AA38AA330635}"
EndProject
Project("{8BC9CEB8-8B4A-11D0-8D11-00A0C91BC942}") = "LBMusic", "LBMusic\LBMusic.vcxproj", "{DCA3747C-7C27-4591-8650-ADB04C76EF89}"
EndProject
Project("{8BC9CEB8-8B4A-11D0-8D11-00A0C91BC942}") = "ListBoxCW", "ListBoxCW\ListBoxCW.vcxproj", "{6B644A65-2C4E-4810-8D03-B347A15636DF}"
EndProject
Project("{8BC9CEB8-8B4A-11D0-8D11-00A0C91BC942}") = "MainWindow", "MainWindow\MainWindow.vcxproj", "{3071F8BD-399C-4AC9-9549-592C3D7CACF3}"
EndProject
Project("{8BC9CEB8-8B4A-11D0-8D11-00A0C91BC942}") = "Calc", "Calc\Calc.vcxproj", "{89A29D19-F8E1-4068-A581-CF68A2ADFB1C}"
EndProject
Project("{8BC9CEB8-8B4A-11D0-8D11-00A0C91BC942}") = "Snake", "Snake\Snake.vcxproj", "{103576A3-CE4B-4E28-A64A-728CF65AEFE0}"
EndProject
Global
	GlobalSection(SolutionConfigurationPlatforms) = preSolution
		Debug|x64 = Debug|x64
		Debug|x86 = Debug|x86
		Release|x64 = Release|x64
		Release|x86 = Release|x86
	EndGlobalSection
	GlobalSection(ProjectConfigurationPlatforms) = postSolution
		{84873334-9986-4E15-9988-67C3FB483188}.Debug|x64.ActiveCfg = Debug|x64
		{84873334-9986-4E15-9988-67C3FB483188}.Debug|x64.Build.0 = Debug|x64
		{84873334-9986-4E15-9988-67C3FB483188}.Debug|x86.ActiveCfg = Debug|Win32
		{84873334-9986-4E15-9988-67C3FB483188}.Debug|x86.Build.0 = Debug|Win32
		{84873334-9986-4E15-9988-67C3FB483188}.Release|x64.ActiveCfg = Release|x64
		{84873334-9986-4E15-9988-67C3FB483188}.Release|x64.Build.0 = Release|x64
		{84873334-9986-4E15-9988-67C3FB483188}.Release|x86.ActiveCfg = Release|Win32
		{84873334-9986-4E15-9988-67C3FB483188}.Release|x86.Build.0 = Release|Win32
		{FA5120DA-401A-48D8-82EE-6B77956CF383}.Debug|x64.ActiveCfg = Debug|x64
		{FA5120DA-401A-48D8-82EE-6B77956CF383}.Debug|x64.Build.0 = Debug|x64
		{FA5120DA-401A-48D8-82EE-6B77956CF383}.Debug|x86.ActiveCfg = Debug|Win32
		{FA5120DA-401A-48D8-82EE-6B77956CF383}.Debug|x86.Build.0 = Debug|Win32
		{FA5120DA-401A-48D8-82EE-6B77956CF383}.Release|x64.ActiveCfg = Release|x64
		{FA5120DA-401A-48D8-82EE-6B77956CF383}.Release|x64.Build.0 = Release|x64
		{FA5120DA-401A-48D8-82EE-6B77956CF383}.Release|x86.ActiveCfg = Release|Win32
		{FA5120DA-401A-48D8-82EE-6B77956CF383}.Release|x86.Build.0 = Release|Win32
		{605F2DC9-0912-496A-92FC-AA38AA330635}.Debug|x64.ActiveCfg = Debug|x64
		{605F2DC9-0912-496A-92FC-AA38AA330635}.Debug|x64.Build.0 = Debug|x64
		{605F2DC9-0912-496A-92FC-AA38AA330635}.Debug|x86.ActiveCfg = Debug|Win32
		{605F2DC9-0912-496A-92FC-AA38AA330635}.Debug|x86.Build.0 = Debug|Win32
		{605F2DC9-0912-496A-92FC-AA38AA330635}.Release|x64.ActiveCfg = Release|x64
		{605F2DC9-0912-496A-92FC-AA38AA330635}.Release|x64.Build.0 = Release|x64
		{605F2DC9-0912-496A-92FC-AA38AA330635}.Release|x86.ActiveCfg = Release|Win32
		{605F2DC9-0912-496A-92FC-AA38AA330635}.Release|x86.Build.0 = Release|Win32
		{DCA3747C-7C27-4591-8650-ADB04C76EF89}.Debug|x64.ActiveCfg = Debug|x64
		{DCA3747C-7C27-4591-8650-ADB04C76EF89}.Debug|x64.Build.0 = Debug|x64
		{DCA3747C-7C27-4591-8650-ADB04C76EF89}.Debug|x86.ActiveCfg = Debug|Win32
		{DCA3747C-7C27-4591-8650-ADB04C76EF89}.Debug|x86.Build.0 = Debug|Win32
		{DCA3747C-7C27-4591-8650-ADB04C76EF89}.Release|x64.ActiveCfg = Release|x64
		{DCA3747C-7C27-4591-8650-ADB04C76EF89}.Release|x64.Build.0 = Release|x64
		{DCA3747C-7C27-4591-8650-ADB04C76EF89}.Release|x86.ActiveCfg = Release|Win32
		{DCA3747C-7C27-4591-8650-ADB04C76EF89}.Release|x86.Build.0 = Release|Win32
		{6B644A65-2C4E-4810-8D03-B347A15636DF}.Debug|x64.ActiveCfg = Debug|x64
		{6B644A65-2C4E-4810-8D03-B347A15636DF}.Debug|x64.Build.0 = Debug|x64
		{6B644A65-2C4E-4810-8D03-B347A15636DF}.Debug|x86.ActiveCfg = Debug|Win32
		{6B644A65-2C4E-4810-8D03-B347A15636DF}.Debug|x86.Build.0 = Debug|Win32
		{6B644A65-2C4E-4810-8D03-B347A15636DF}.Release|x64.ActiveCfg = Release|x64
		{6B644A65-2C4E-4810-8D03-B347A15636DF}.Release|x64.Build.0 = Release|x64
		{6B644A65-2C4E-4810-8D03-B347A15636DF}.Release|x86.ActiveCfg = Release|Win32
		{6B644A65-2C4E-4810-8D03-B347A15636DF}.Release|x86.Build.0 = Release|Win32
		{3071F8BD-399C-4AC9-9549-592C3D7CACF3}.Debug|x64.ActiveCfg = Debug|x64
		{3071F8BD-399C-4AC9-9549-592C3D7CACF3}.Debug|x64.Build.0 = Debug|x64
		{3071F8BD-399C-4AC9-9549-592C3D7CACF3}.Debug|x86.ActiveCfg = Debug|Win32
		{3071F8BD-399C-4AC9-9549-592C3D7CACF3}.Debug|x86.Build.0 = Debug|Win32
		{3071F8BD-399C-4AC9-9549-592C3D7CACF3}.Release|x64.ActiveCfg = Release|x64
		{3071F8BD-399C-4AC9-9549-592C3D7CACF3}.Release|x64.Build.0 = Release|x64
		{3071F8BD-399C-4AC9-9549-592C3D7CACF3}.Release|x86.ActiveCfg = Release|Win32
		{3071F8BD-399C-4AC9-9549-592C3D7CACF3}.Release|x86.Build.0 = Release|Win32
		{89A29D19-F8E1-4068-A581-CF68A2ADFB1C}.Debug|x64.ActiveCfg = Debug|x64
		{89A29D19-F8E1-4068-A581-CF68A2ADFB1C}.Debug|x64.Build.0 = Debug|x64
		{89A29D19-F8E1-4068-A581-CF68A2ADFB1C}.Debug|x86.ActiveCfg = Debug|Win32
		{89A29D19-F8E1-4068-A581-CF68A2ADFB1C}.Debug|x86.Build.0 = Debug|Win32
		{89A29D19-F8E1-4068-A581-CF68A2ADFB1C}.Release|x64.ActiveCfg = Release|x64
		{89A29D19-F8E1-4068-A581-CF68A2ADFB1C}.Release|x64.Build.0 = Release|x64
		{89A29D19-F8E1-4068-A581-CF68A2ADFB1C}.Release|x86.ActiveCfg = Release|Win32
		{89A29D19-F8E1-4068-A581-CF68A2ADFB1C}.Release|x86.Build.0 = Release|Win32
		{103576A3-CE4B-4E28-A64A-728CF65AEFE0}.Debug|x64.ActiveCfg = Debug|x64
		{103576A3-CE4B-4E28-A64A-728CF65AEFE0}.Debug|x64.Build.0 = Debug|x64
		{103576A3-CE4B-4E28-A64A-728CF65AEFE0}.Debug|x86.ActiveCfg = Debug|Win32
		{103576A3-CE4B-4E28-A64A-728CF65AEFE0}.Debug|x86.Build.0 = Debug|Win32
		{103576A3-CE4B-4E28-A64A-728CF65AEFE0}.Release|x64.ActiveCfg = Release|x64
		{103576A3-CE4B-4E28-A64A-728CF65AEFE0}.Release|x64.Build.0 = Release|x64
		{103576A3-CE4B-4E28-A64A-728CF65AEFE0}.Release|x86.ActiveCfg = Release|Win32
		{103576A3-CE4B-4E28-A64A-728CF65AEFE0}.Release|x86.Build.0 = Release|Win32
	EndGlobalSection
	GlobalSection(SolutionProperties) = preSolution
		HideSolutionNode = FALSE
	EndGlobalSection
	GlobalSection(ExtensibilityGlobals) = postSolution
		SolutionGuid = {E6F73D29-7314-4CD8-A1E3-023B84961A3E}
	EndGlobalSection
EndGlobal
